
Microsoft Visual Studio Solution File, Format Version 12.00
Project("{FAE04EC0-301F-11D3-BF4B-00C04F79EFBC}") = "RepTFNet", "RepTFNet\RepTFNet.csproj", "{C67622B4-AAA6-490A-B9F2-8DF3698069C8}"
EndProject
Project("{FAE04EC0-301F-11D3-BF4B-00C04F79EFBC}") = "TestWrapper", "TestWrapper\TestWrapper.csproj", "{D6C1C166-CC07-464C-BF5E-FB2A2A864AAD}"
EndProject
Global
	GlobalSection(SolutionConfigurationPlatforms) = preSolution
		Debug|Any CPU = Debug|Any CPU
		Release|Any CPU = Release|Any CPU
	EndGlobalSection
	GlobalSection(ProjectConfigurationPlatforms) = postSolution
		{C67622B4-AAA6-490A-B9F2-8DF3698069C8}.Debug|Any CPU.ActiveCfg = Debug|Any CPU
		{C67622B4-AAA6-490A-B9F2-8DF3698069C8}.Debug|Any CPU.Build.0 = Debug|Any CPU
		{C67622B4-AAA6-490A-B9F2-8DF3698069C8}.Release|Any CPU.ActiveCfg = Release|Any CPU
		{C67622B4-AAA6-490A-B9F2-8DF3698069C8}.Release|Any CPU.Build.0 = Release|Any CPU
		{D6C1C166-CC07-464C-BF5E-FB2A2A864AAD}.Debug|Any CPU.ActiveCfg = Debug|Any CPU
		{D6C1C166-CC07-464C-BF5E-FB2A2A864AAD}.Debug|Any CPU.Build.0 = Debug|Any CPU
		{D6C1C166-CC07-464C-BF5E-FB2A2A864AAD}.Release|Any CPU.ActiveCfg = Release|Any CPU
		{D6C1C166-CC07-464C-BF5E-FB2A2A864AAD}.Release|Any CPU.Build.0 = Release|Any CPU
	EndGlobalSection
EndGlobal
